<?xml version="1.0" encoding="utf-8"?>
<Project ToolsVersion="4.0" xmlns="http://schemas.microsoft.com/developer/msbuild/2003">
  <ItemGroup>
    <Filter Include="Source Files">
      <UniqueIdentifier>{4FC737F1-C7A5-4376-A066-2A32D752A2FF}</UniqueIdentifier>
      <Extensions>cpp;c;cc;cxx;c++;cppm;ixx;def;odl;idl;hpj;bat;asm;asmx</Extensions>
    </Filter>
    <Filter Include="Header Files">
      <UniqueIdentifier>{93995380-89BD-4b04-88EB-625FBE52EBFB}</UniqueIdentifier>
      <Extensions>h;hh;hpp;hxx;h++;hm;inl;inc;ipp;xsd</Extensions>
    </Filter>
    <Filter Include="Resource Files">
      <UniqueIdentifier>{67DA6AB6-F800-4c08-8B7A-83BB121AAD01}</UniqueIdentifier>
      <Extensions>rc;ico;cur;bmp;dlg;rc2;rct;bin;rgs;gif;jpg;jpeg;jpe;resx;tiff;tif;png;wav;mfcribbon-ms</Extensions>
    </Filter>
    <Filter Include="NewFilter1">
      <UniqueIdentifier>{e25a3283-02d3-4ccc-baf8-8d7cda1e8830}</UniqueIdentifier>
    </Filter>
  </ItemGroup>
  <ItemGroup>
    <ClCompile Include="src\Main.cpp">
      <Filter>Source Files</Filter>
    </ClCompile>
    <ClCompile Include="vendors\imgui\include\imgui\backends\imgui_impl_opengl3.cpp">
      <Filter>Source Files</Filter>
    </ClCompile>
    <ClCompile Include="vendors\imgui\include\imgui\backends\imgui_impl_opengl2.cpp">
      <Filter>Source Files</Filter>
    </ClCompile>
    <ClCompile Include="vendors\imgui\include\imgui\backends\imgui_impl_glfw.cpp">
      <Filter>Source Files</Filter>
    </ClCompile>
    <ClCompile Include="vendors\imgui\include\imgui\backends\imgui_impl_win32.cpp">
      <Filter>Source Files</Filter>
    </ClCompile>
    <ClCompile Include="vendors\imgui\include\imgui\imgui.cpp">
      <Filter>Source Files</Filter>
    </ClCompile>
    <ClCompile Include="vendors\imgui\include\imgui\imgui_demo.cpp">
      <Filter>Source Files</Filter>
    </ClCompile>
    <ClCompile Include="vendors\imgui\include\imgui\imgui_draw.cpp">
      <Filter>Source Files</Filter>
    </ClCompile>
    <ClCompile Include="vendors\imgui\include\imgui\imgui_tables.cpp">
      <Filter>Source Files</Filter>
    </ClCompile>
    <ClCompile Include="vendors\imgui\include\imgui\imgui_widgets.cpp">
      <Filter>Source Files</Filter>
    </ClCompile>
    <ClCompile Include="vendors\csprng\include\csprng\csprng.cpp">
      <Filter>Source Files</Filter>
    </ClCompile>
    <ClCompile Include="src\Application.cpp">
      <Filter>Source Files</Filter>
    </ClCompile>
    <ClCompile Include="vendors\encrypt\include\encrypt\common\includes.cpp">
      <Filter>Source Files</Filter>
    </ClCompile>
    <ClCompile Include="vendors\encrypt\include\encrypt\Encryptions\AES.cpp">
      <Filter>Source Files</Filter>
    </ClCompile>
    <ClCompile Include="vendors\encrypt\include\encrypt\Encryptions\Blowfish.cpp">
      <Filter>Source Files</Filter>
    </ClCompile>
    <ClCompile Include="vendors\encrypt\include\encrypt\Encryptions\Camellia.cpp">
      <Filter>Source Files</Filter>
    </ClCompile>
    <ClCompile Include="vendors\encrypt\include\encrypt\Encryptions\CAST128.cpp">
      <Filter>Source Files</Filter>
    </ClCompile>
    <ClCompile Include="vendors\encrypt\include\encrypt\Encryptions\CAST256.cpp">
      <Filter>Source Files</Filter>
    </ClCompile>
    <ClCompile Include="vendors\encrypt\include\encrypt\Encryptions\DES.cpp">
      <Filter>Source Files</Filter>
    </ClCompile>
    <ClCompile Include="vendors\encrypt\include\encrypt\Encryptions\DESX.cpp">
      <Filter>Source Files</Filter>
    </ClCompile>
    <ClCompile Include="vendors\encrypt\include\encrypt\Encryptions\GOST.cpp">
      <Filter>Source Files</Filter>
    </ClCompile>
    <ClCompile Include="vendors\encrypt\include\encrypt\Encryptions\IDEA.cpp">
      <Filter>Source Files</Filter>
    </ClCompile>
    <ClCompile Include="vendors\encrypt\include\encrypt\Encryptions\MISTY1.cpp">
      <Filter>Source Files</Filter>
    </ClCompile>
    <ClCompile Include="vendors\encrypt\include\encrypt\Encryptions\RC_PQ.cpp">
      <Filter>Source Files</Filter>
    </ClCompile>
    <ClCompile Include="vendors\encrypt\include\encrypt\Encryptions\RC2.cpp">
      <Filter>Source Files</Filter>
    </ClCompile>
    <ClCompile Include="vendors\encrypt\include\encrypt\Encryptions\RC4.cpp">
      <Filter>Source Files</Filter>
    </ClCompile>
    <ClCompile Include="vendors\encrypt\include\encrypt\Encryptions\RC5.cpp">
      <Filter>Source Files</Filter>
    </ClCompile>
    <ClCompile Include="vendors\encrypt\include\encrypt\Encryptions\RC6.cpp">
      <Filter>Source Files</Filter>
    </ClCompile>
    <ClCompile Include="vendors\encrypt\include\encrypt\Encryptions\SAFERK64.cpp">
      <Filter>Source Files</Filter>
    </ClCompile>
    <ClCompile Include="vendors\encrypt\include\encrypt\Encryptions\SEED.cpp">
      <Filter>Source Files</Filter>
    </ClCompile>
    <ClCompile Include="vendors\encrypt\include\encrypt\Encryptions\Skipjack.cpp">
      <Filter>Source Files</Filter>
    </ClCompile>
    <ClCompile Include="vendors\encrypt\include\encrypt\Encryptions\SymAlg.cpp">
      <Filter>Source Files</Filter>
    </ClCompile>
    <ClCompile Include="vendors\encrypt\include\encrypt\Encryptions\TDES.cpp">
      <Filter>Source Files</Filter>
    </ClCompile>
    <ClCompile Include="vendors\encrypt\include\encrypt\Encryptions\TEA.cpp">
      <Filter>Source Files</Filter>
    </ClCompile>
    <ClCompile Include="vendors\encrypt\include\encrypt\Encryptions\Twofish.cpp">
      <Filter>Source Files</Filter>
    </ClCompile>
    <ClCompile Include="vendors\encrypt\include\encrypt\Encryptions\XTEA.cpp">
      <Filter>Source Files</Filter>
    </ClCompile>
    <ClCompile Include="vendors\encrypt\include\encrypt\modes\CBC.cpp">
      <Filter>Source Files</Filter>
    </ClCompile>
    <ClCompile Include="vendors\encrypt\include\encrypt\modes\CFB.cpp">
      <Filter>Source Files</Filter>
    </ClCompile>
    <ClCompile Include="vendors\encrypt\include\encrypt\modes\CTR.cpp">
      <Filter>Source Files</Filter>
    </ClCompile>
    <ClCompile Include="vendors\encrypt\include\encrypt\modes\ECB.cpp">
      <Filter>Source Files</Filter>
    </ClCompile>
    <ClCompile Include="vendors\encrypt\include\encrypt\modes\OFB.cpp">
      <Filter>Source Files</Filter>
    </ClCompile>
    <ClCompile Include="vendors\encrypt\include\encrypt\modes\PCPB.cpp">
      <Filter>Source Files</Filter>
    </ClCompile>
    <ClCompile Include="vendors\nativefiledialog\include\nativefiledialog\src\nfd_common.c">
      <Filter>Source Files</Filter>
    </ClCompile>
    <ClCompile Include="vendors\nativefiledialog\include\nativefiledialog\src\nfd_win.cpp">
      <Filter>Source Files</Filter>
    </ClCompile>
    <ClCompile Include="vendors\nativefiledialog\include\nativefiledialog\src\nfd_gtk.c">
      <Filter>Source Files</Filter>
    </ClCompile>
    <ClCompile Include="vendors\nativefiledialog\include\nativefiledialog\src\nfd_zenity.c">
      <Filter>Source Files</Filter>
    </ClCompile>
    <ClCompile Include="src\StringUtil.cpp">
      <Filter>Source Files</Filter>
    </ClCompile>
  </ItemGroup>
  <ItemGroup>
    <ClInclude Include="vendors\imgui\include\imgui\imstb_truetype.h">
      <Filter>Header Files</Filter>
    </ClInclude>
    <ClInclude Include="vendors\imgui\include\imgui\imgui.h">
      <Filter>Header Files</Filter>
    </ClInclude>
    <ClInclude Include="vendors\imgui\include\imgui\imgui_internal.h">
      <Filter>Header Files</Filter>
    </ClInclude>
    <ClInclude Include="vendors\imgui\include\imgui\imstb_rectpack.h">
      <Filter>Header Files</Filter>
    </ClInclude>
    <ClInclude Include="vendors\imgui\include\imgui\imstb_textedit.h">
      <Filter>Header Files</Filter>
    </ClInclude>
    <ClInclude Include="vendors\imgui\include\imgui\backends\imgui_impl_glfw.h">
      <Filter>Header Files</Filter>
    </ClInclude>
    <ClInclude Include="vendors\imgui\include\imgui\backends\imgui_impl_opengl2.h">
      <Filter>Header Files</Filter>
    </ClInclude>
    <ClInclude Include="vendors\imgui\include\imgui\backends\imgui_impl_opengl3.h">
      <Filter>Header Files</Filter>
    </ClInclude>
    <ClInclude Include="vendors\imgui\include\imgui\backends\imgui_impl_opengl3_loader.h">
      <Filter>Header Files</Filter>
    </ClInclude>
    <ClInclude Include="vendors\imgui\include\imgui\backends\imgui_impl_win32.h">
      <Filter>Header Files</Filter>
    </ClInclude>
    <ClInclude Include="vendors\imgui\include\imgui\imconfig.h">
      <Filter>Header Files</Filter>
    </ClInclude>
    <ClInclude Include="src\Application.hpp">
      <Filter>Header Files</Filter>
    </ClInclude>
    <ClInclude Include="vendors\stb\include\stb\stb_image.h">
      <Filter>Header Files</Filter>
    </ClInclude>
    <ClInclude Include="vendors\encrypt\include\encrypt\common\cryptomath.h">
      <Filter>Header Files</Filter>
    </ClInclude>
    <ClInclude Include="vendors\encrypt\include\encrypt\common\includes.h">
      <Filter>Header Files</Filter>
    </ClInclude>
    <ClInclude Include="vendors\encrypt\include\encrypt\Encryptions\AES.h">
      <Filter>Header Files</Filter>
    </ClInclude>
    <ClInclude Include="vendors\encrypt\include\encrypt\Encryptions\AES_Const.h">
      <Filter>Header Files</Filter>
    </ClInclude>
    <ClInclude Include="vendors\encrypt\include\encrypt\Encryptions\Blowfish.h">
      <Filter>Header Files</Filter>
    </ClInclude>
    <ClInclude Include="vendors\encrypt\include\encrypt\Encryptions\Blowfish_Const.h">
      <Filter>Header Files</Filter>
    </ClInclude>
    <ClInclude Include="vendors\encrypt\include\encrypt\Encryptions\Camellia.h">
      <Filter>Header Files</Filter>
    </ClInclude>
    <ClInclude Include="vendors\encrypt\include\encrypt\Encryptions\Camellia_Const.h">
      <Filter>Header Files</Filter>
    </ClInclude>
    <ClInclude Include="vendors\encrypt\include\encrypt\Encryptions\CAST_Const.h">
      <Filter>Header Files</Filter>
    </ClInclude>
    <ClInclude Include="vendors\encrypt\include\encrypt\Encryptions\CAST128.h">
      <Filter>Header Files</Filter>
    </ClInclude>
    <ClInclude Include="vendors\encrypt\include\encrypt\Encryptions\CAST128_Const.h">
      <Filter>Header Files</Filter>
    </ClInclude>
    <ClInclude Include="vendors\encrypt\include\encrypt\Encryptions\CAST256.h">
      <Filter>Header Files</Filter>
    </ClInclude>
    <ClInclude Include="vendors\encrypt\include\encrypt\Encryptions\DES.h">
      <Filter>Header Files</Filter>
    </ClInclude>
    <ClInclude Include="vendors\encrypt\include\encrypt\Encryptions\DES_Const.h">
      <Filter>Header Files</Filter>
    </ClInclude>
    <ClInclude Include="vendors\encrypt\include\encrypt\Encryptions\DESX.h">
      <Filter>Header Files</Filter>
    </ClInclude>
    <ClInclude Include="vendors\encrypt\include\encrypt\Encryptions\GOST.h">
      <Filter>Header Files</Filter>
    </ClInclude>
    <ClInclude Include="vendors\encrypt\include\encrypt\Encryptions\GOST_Const.h">
      <Filter>Header Files</Filter>
    </ClInclude>
    <ClInclude Include="vendors\encrypt\include\encrypt\Encryptions\IDEA.h">
      <Filter>Header Files</Filter>
    </ClInclude>
    <ClInclude Include="vendors\encrypt\include\encrypt\Encryptions\MISTY1.h">
      <Filter>Header Files</Filter>
    </ClInclude>
    <ClInclude Include="vendors\encrypt\include\encrypt\Encryptions\MISTY1_Const.h">
      <Filter>Header Files</Filter>
    </ClInclude>
    <ClInclude Include="vendors\encrypt\include\encrypt\Encryptions\RC_PQ.h">
      <Filter>Header Files</Filter>
    </ClInclude>
    <ClInclude Include="vendors\encrypt\include\encrypt\Encryptions\RC2.h">
      <Filter>Header Files</Filter>
    </ClInclude>
    <ClInclude Include="vendors\encrypt\include\encrypt\Encryptions\RC2_Const.h">
      <Filter>Header Files</Filter>
    </ClInclude>
    <ClInclude Include="vendors\encrypt\include\encrypt\Encryptions\RC4.h">
      <Filter>Header Files</Filter>
    </ClInclude>
    <ClInclude Include="vendors\encrypt\include\encrypt\Encryptions\RC5.h">
      <Filter>Header Files</Filter>
    </ClInclude>
    <ClInclude Include="vendors\encrypt\include\encrypt\Encryptions\RC6.h">
      <Filter>Header Files</Filter>
    </ClInclude>
    <ClInclude Include="vendors\encrypt\include\encrypt\Encryptions\SAFERK64.h">
      <Filter>Header Files</Filter>
    </ClInclude>
    <ClInclude Include="vendors\encrypt\include\encrypt\Encryptions\SAFERK64_Const.h">
      <Filter>Header Files</Filter>
    </ClInclude>
    <ClInclude Include="vendors\encrypt\include\encrypt\Encryptions\SEED.h">
      <Filter>Header Files</Filter>
    </ClInclude>
    <ClInclude Include="vendors\encrypt\include\encrypt\Encryptions\SEED_Const.h">
      <Filter>Header Files</Filter>
    </ClInclude>
    <ClInclude Include="vendors\encrypt\include\encrypt\Encryptions\Skipjack.h">
      <Filter>Header Files</Filter>
    </ClInclude>
    <ClInclude Include="vendors\encrypt\include\encrypt\Encryptions\Skipjack_Const.h">
      <Filter>Header Files</Filter>
    </ClInclude>
    <ClInclude Include="vendors\encrypt\include\encrypt\Encryptions\SymAlg.h">
      <Filter>Header Files</Filter>
    </ClInclude>
    <ClInclude Include="vendors\encrypt\include\encrypt\Encryptions\TDES.h">
      <Filter>Header Files</Filter>
    </ClInclude>
    <ClInclude Include="vendors\encrypt\include\encrypt\Encryptions\TEA.h">
      <Filter>Header Files</Filter>
    </ClInclude>
    <ClInclude Include="vendors\encrypt\include\encrypt\Encryptions\Twofish.h">
      <Filter>Header Files</Filter>
    </ClInclude>
    <ClInclude Include="vendors\encrypt\include\encrypt\Encryptions\Twofish_Const.h">
      <Filter>Header Files</Filter>
    </ClInclude>
    <ClInclude Include="vendors\encrypt\include\encrypt\Encryptions\XTEA.h">
      <Filter>Header Files</Filter>
    </ClInclude>
    <ClInclude Include="vendors\encrypt\include\encrypt\Encryptions.h">
      <Filter>Header Files</Filter>
    </ClInclude>
    <ClInclude Include="vendors\encrypt\include\encrypt\modes\CBC.h">
      <Filter>Header Files</Filter>
    </ClInclude>
    <ClInclude Include="vendors\encrypt\include\encrypt\modes\CFB.h">
      <Filter>Header Files</Filter>
    </ClInclude>
    <ClInclude Include="vendors\encrypt\include\encrypt\modes\CTR.h">
      <Filter>Header Files</Filter>
    </ClInclude>
    <ClInclude Include="vendors\encrypt\include\encrypt\modes\ECB.h">
      <Filter>Header Files</Filter>
    </ClInclude>
    <ClInclude Include="vendors\encrypt\include\encrypt\modes\OFB.h">
      <Filter>Header Files</Filter>
    </ClInclude>
    <ClInclude Include="vendors\encrypt\include\encrypt\modes\PCPB.h">
      <Filter>Header Files</Filter>
    </ClInclude>
    <ClInclude Include="vendors\nativefiledialog\include\nativefiledialog\src\common.h">
      <Filter>Header Files</Filter>
    </ClInclude>
    <ClInclude Include="vendors\nativefiledialog\include\nativefiledialog\src\nfd_common.h">
      <Filter>Header Files</Filter>
    </ClInclude>
    <ClInclude Include="vendors\nativefiledialog\include\nativefiledialog\src\simple_exec.h">
      <Filter>Header Files</Filter>
    </ClInclude>
    <ClInclude Include="src\StringUtil.hpp">
      <Filter>Header Files</Filter>
    </ClInclude>
    <ClInclude Include="src\Defines.hpp">
      <Filter>Header Files</Filter>
    </ClInclude>
  </ItemGroup>
  <ItemGroup>
    <None Include="vendors\nativefiledialog\include\nativefiledialog\src\nfd_cocoa.m" />
  </ItemGroup>
</Project>